
Microsoft Visual Studio Solution File, Format Version 10.00
# Visual Studio 2008
Project("{8BC9CEB8-8B4A-11D0-8D11-00A0C91BC942}") = "Tesselation", "Tesselation\Tesselation.vcproj", "{C35217F7-FB38-4F21-BF87-9A084759A160}"
EndProject
Global
	GlobalSection(SolutionConfigurationPlatforms) = preSolution
		Debug|Win32 = Debug|Win32
		Release|Win32 = Release|Win32
	EndGlobalSection
	GlobalSection(ProjectConfigurationPlatforms) = postSolution
		{C35217F7-FB38-4F21-BF87-9A084759A160}.Debug|Win32.ActiveCfg = Debug|Win32
		{C35217F7-FB38-4F21-BF87-9A084759A160}.Debug|Win32.Build.0 = Debug|Win32
		{C35217F7-FB38-4F21-BF87-9A084759A160}.Release|Win32.ActiveCfg = Release|Win32
		{C35217F7-FB38-4F21-BF87-9A084759A160}.Release|Win32.Build.0 = Release|Win32
	EndGlobalSection
	GlobalSection(SolutionProperties) = preSolution
		HideSolutionNode = FALSE
	EndGlobalSection
EndGlobal
